
Microsoft Visual Studio Solution File, Format Version 12.00
# Visual Studio Version 17
VisualStudioVersion = 17.5.33424.131
MinimumVisualStudioVersion = 10.0.40219.1
Project("{2150E333-8FDC-42A3-9474-1A3956D46DE8}") = "src", "src", "{01B265DB-41E5-4236-A265-B616F626C794}"
EndProject
Project("{E53339B2-1760-4266-BCC7-CA923CBCF16C}") = "docker-compose", "docker-compose.dcproj", "{DF54B73A-2354-4C32-952D-F5FF6C035D8E}"
EndProject
Project("{2150E333-8FDC-42A3-9474-1A3956D46DE8}") = "1.0-Presentation", "1.0-Presentation", "{E38ECF08-8659-42A0-907C-FBD6279A2690}"
EndProject
Project("{2150E333-8FDC-42A3-9474-1A3956D46DE8}") = "5.0-DependencyInjection", "5.0-DependencyInjection", "{7FF57E2D-D1C2-43B0-B1E9-25C792BC9682}"
EndProject
Project("{2150E333-8FDC-42A3-9474-1A3956D46DE8}") = "2.0-Application", "2.0-Application", "{DABB0179-6489-4C2E-828B-D9ABA68DDF3C}"
EndProject
Project("{2150E333-8FDC-42A3-9474-1A3956D46DE8}") = "5.2-Utils", "5.2-Utils", "{5BC7935A-D06E-4BCA-AD03-E954B2E2435E}"
EndProject
Project("{2150E333-8FDC-42A3-9474-1A3956D46DE8}") = "3.0-Domain", "3.0-Domain", "{4B5AD44E-554A-4435-85F0-BC6338AA0EC9}"
EndProject
Project("{2150E333-8FDC-42A3-9474-1A3956D46DE8}") = "4.0-Infrastructure", "4.0-Infrastructure", "{F6E6C013-D456-4409-8C45-BC42219FFE5B}"
EndProject
Project("{2150E333-8FDC-42A3-9474-1A3956D46DE8}") = "1.1-Site", "1.1-Site", "{5CAA78FD-0586-45AC-BE1F-FED543EF15C1}"
EndProject
Project("{2150E333-8FDC-42A3-9474-1A3956D46DE8}") = "5.1-Injection", "5.1-Injection", "{196AE844-BEA8-40EE-8CB4-27543AECFE99}"
EndProject
Project("{9A19103F-16F7-4668-BE54-9A1E7A4F7556}") = "Rickytech.Utils", "5.0-Crosscutting\5.2-Rickytech.Utils\Rickytech.Utils.csproj", "{1E8ED8B9-3A22-40CE-81A2-6554D8CD1188}"
EndProject
Project("{9A19103F-16F7-4668-BE54-9A1E7A4F7556}") = "Rickytech.DependencyInjection", "5.0-Crosscutting\5.1-Rickytech.DependencyInjection\Rickytech.DependencyInjection.csproj", "{F34E070A-23CB-4195-ADE5-7969B5FD75B3}"
EndProject
Project("{9A19103F-16F7-4668-BE54-9A1E7A4F7556}") = "Rickytech.Infrastructure", "4.0-Infrastructure\4.1-Rickytech.Infrastructure\Rickytech.Infrastructure.csproj", "{A4B1E7B9-A667-40BE-843E-089354410B58}"
EndProject
Project("{9A19103F-16F7-4668-BE54-9A1E7A4F7556}") = "Rickytech.Domain", "3.0-Domain\3.1-Rickytech.Domain\Rickytech.Domain.csproj", "{06A41D5B-7C4D-4A79-A725-9E534DB744E0}"
EndProject
Project("{9A19103F-16F7-4668-BE54-9A1E7A4F7556}") = "Rickytech.Application", "2.0-Application\2.1-Rickytech.Application\Rickytech.Application.csproj", "{BC412AD6-439B-4701-88F4-972046354780}"
EndProject
Project("{9A19103F-16F7-4668-BE54-9A1E7A4F7556}") = "Site", "1.0-Presentation\1.1-Site\Site.csproj", "{A2330AE4-624B-4AAA-9949-9B2C82305831}"
EndProject
Project("{2150E333-8FDC-42A3-9474-1A3956D46DE8}") = "6.0-Tests", "6.0-Tests", "{90ECDEF0-2CB0-4322-AE31-A5B191BB066F}"
EndProject
Project("{FAE04EC0-301F-11D3-BF4B-00C04F79EFBC}") = "Rickytech.UnitTests", "6.0-Tests\Rickytech.UnitTests\Rickytech.UnitTests.csproj", "{153C6BA3-E4C8-4F76-A927-15FCD3089C8C}"
EndProject
Global
	GlobalSection(SolutionConfigurationPlatforms) = preSolution
		Debug|Any CPU = Debug|Any CPU
		Release|Any CPU = Release|Any CPU
	EndGlobalSection
	GlobalSection(ProjectConfigurationPlatforms) = postSolution
		{DF54B73A-2354-4C32-952D-F5FF6C035D8E}.Debug|Any CPU.ActiveCfg = Debug|Any CPU
		{DF54B73A-2354-4C32-952D-F5FF6C035D8E}.Debug|Any CPU.Build.0 = Debug|Any CPU
		{DF54B73A-2354-4C32-952D-F5FF6C035D8E}.Release|Any CPU.ActiveCfg = Release|Any CPU
		{DF54B73A-2354-4C32-952D-F5FF6C035D8E}.Release|Any CPU.Build.0 = Release|Any CPU
		{1E8ED8B9-3A22-40CE-81A2-6554D8CD1188}.Debug|Any CPU.ActiveCfg = Debug|Any CPU
		{1E8ED8B9-3A22-40CE-81A2-6554D8CD1188}.Debug|Any CPU.Build.0 = Debug|Any CPU
		{1E8ED8B9-3A22-40CE-81A2-6554D8CD1188}.Release|Any CPU.ActiveCfg = Release|Any CPU
		{1E8ED8B9-3A22-40CE-81A2-6554D8CD1188}.Release|Any CPU.Build.0 = Release|Any CPU
		{F34E070A-23CB-4195-ADE5-7969B5FD75B3}.Debug|Any CPU.ActiveCfg = Debug|Any CPU
		{F34E070A-23CB-4195-ADE5-7969B5FD75B3}.Debug|Any CPU.Build.0 = Debug|Any CPU
		{F34E070A-23CB-4195-ADE5-7969B5FD75B3}.Release|Any CPU.ActiveCfg = Release|Any CPU
		{F34E070A-23CB-4195-ADE5-7969B5FD75B3}.Release|Any CPU.Build.0 = Release|Any CPU
		{A4B1E7B9-A667-40BE-843E-089354410B58}.Debug|Any CPU.ActiveCfg = Debug|Any CPU
		{A4B1E7B9-A667-40BE-843E-089354410B58}.Debug|Any CPU.Build.0 = Debug|Any CPU
		{A4B1E7B9-A667-40BE-843E-089354410B58}.Release|Any CPU.ActiveCfg = Release|Any CPU
		{A4B1E7B9-A667-40BE-843E-089354410B58}.Release|Any CPU.Build.0 = Release|Any CPU
		{06A41D5B-7C4D-4A79-A725-9E534DB744E0}.Debug|Any CPU.ActiveCfg = Debug|Any CPU
		{06A41D5B-7C4D-4A79-A725-9E534DB744E0}.Debug|Any CPU.Build.0 = Debug|Any CPU
		{06A41D5B-7C4D-4A79-A725-9E534DB744E0}.Release|Any CPU.ActiveCfg = Release|Any CPU
		{06A41D5B-7C4D-4A79-A725-9E534DB744E0}.Release|Any CPU.Build.0 = Release|Any CPU
		{BC412AD6-439B-4701-88F4-972046354780}.Debug|Any CPU.ActiveCfg = Debug|Any CPU
		{BC412AD6-439B-4701-88F4-972046354780}.Debug|Any CPU.Build.0 = Debug|Any CPU
		{BC412AD6-439B-4701-88F4-972046354780}.Release|Any CPU.ActiveCfg = Release|Any CPU
		{BC412AD6-439B-4701-88F4-972046354780}.Release|Any CPU.Build.0 = Release|Any CPU
		{A2330AE4-624B-4AAA-9949-9B2C82305831}.Debug|Any CPU.ActiveCfg = Debug|Any CPU
		{A2330AE4-624B-4AAA-9949-9B2C82305831}.Debug|Any CPU.Build.0 = Debug|Any CPU
		{A2330AE4-624B-4AAA-9949-9B2C82305831}.Release|Any CPU.ActiveCfg = Release|Any CPU
		{A2330AE4-624B-4AAA-9949-9B2C82305831}.Release|Any CPU.Build.0 = Release|Any CPU
		{153C6BA3-E4C8-4F76-A927-15FCD3089C8C}.Debug|Any CPU.ActiveCfg = Debug|Any CPU
		{153C6BA3-E4C8-4F76-A927-15FCD3089C8C}.Debug|Any CPU.Build.0 = Debug|Any CPU
		{153C6BA3-E4C8-4F76-A927-15FCD3089C8C}.Release|Any CPU.ActiveCfg = Release|Any CPU
		{153C6BA3-E4C8-4F76-A927-15FCD3089C8C}.Release|Any CPU.Build.0 = Release|Any CPU
	EndGlobalSection
	GlobalSection(SolutionProperties) = preSolution
		HideSolutionNode = FALSE
	EndGlobalSection
	GlobalSection(NestedProjects) = preSolution
		{E38ECF08-8659-42A0-907C-FBD6279A2690} = {01B265DB-41E5-4236-A265-B616F626C794}
		{7FF57E2D-D1C2-43B0-B1E9-25C792BC9682} = {01B265DB-41E5-4236-A265-B616F626C794}
		{DABB0179-6489-4C2E-828B-D9ABA68DDF3C} = {01B265DB-41E5-4236-A265-B616F626C794}
		{5BC7935A-D06E-4BCA-AD03-E954B2E2435E} = {7FF57E2D-D1C2-43B0-B1E9-25C792BC9682}
		{4B5AD44E-554A-4435-85F0-BC6338AA0EC9} = {01B265DB-41E5-4236-A265-B616F626C794}
		{F6E6C013-D456-4409-8C45-BC42219FFE5B} = {01B265DB-41E5-4236-A265-B616F626C794}
		{5CAA78FD-0586-45AC-BE1F-FED543EF15C1} = {E38ECF08-8659-42A0-907C-FBD6279A2690}
		{196AE844-BEA8-40EE-8CB4-27543AECFE99} = {7FF57E2D-D1C2-43B0-B1E9-25C792BC9682}
		{1E8ED8B9-3A22-40CE-81A2-6554D8CD1188} = {5BC7935A-D06E-4BCA-AD03-E954B2E2435E}
		{F34E070A-23CB-4195-ADE5-7969B5FD75B3} = {196AE844-BEA8-40EE-8CB4-27543AECFE99}
		{A4B1E7B9-A667-40BE-843E-089354410B58} = {F6E6C013-D456-4409-8C45-BC42219FFE5B}
		{06A41D5B-7C4D-4A79-A725-9E534DB744E0} = {4B5AD44E-554A-4435-85F0-BC6338AA0EC9}
		{BC412AD6-439B-4701-88F4-972046354780} = {DABB0179-6489-4C2E-828B-D9ABA68DDF3C}
		{A2330AE4-624B-4AAA-9949-9B2C82305831} = {5CAA78FD-0586-45AC-BE1F-FED543EF15C1}
		{90ECDEF0-2CB0-4322-AE31-A5B191BB066F} = {01B265DB-41E5-4236-A265-B616F626C794}
		{153C6BA3-E4C8-4F76-A927-15FCD3089C8C} = {90ECDEF0-2CB0-4322-AE31-A5B191BB066F}
	EndGlobalSection
	GlobalSection(ExtensibilityGlobals) = postSolution
		SolutionGuid = {D306AA9E-176E-4B44-BD58-F4612433B385}
	EndGlobalSection
EndGlobal
